
Microsoft Visual Studio Solution File, Format Version 12.00
# Visual Studio 15
VisualStudioVersion = 15.0.28010.2026
MinimumVisualStudioVersion = 10.0.40219.1
Project("{9A19103F-16F7-4668-BE54-9A1E7A4F7556}") = "STC.API", "STC.API\STC.API.csproj", "{45B63556-F196-48FF-A46B-E1C8B5F00694}"
EndProject
Global
	GlobalSection(SolutionConfigurationPlatforms) = preSolution
		Debug|Any CPU = Debug|Any CPU
		Release|Any CPU = Release|Any CPU
	EndGlobalSection
	GlobalSection(ProjectConfigurationPlatforms) = postSolution
		{45B63556-F196-48FF-A46B-E1C8B5F00694}.Debug|Any CPU.ActiveCfg = Debug|Any CPU
		{45B63556-F196-48FF-A46B-E1C8B5F00694}.Debug|Any CPU.Build.0 = Debug|Any CPU
		{45B63556-F196-48FF-A46B-E1C8B5F00694}.Release|Any CPU.ActiveCfg = Release|Any CPU
		{45B63556-F196-48FF-A46B-E1C8B5F00694}.Release|Any CPU.Build.0 = Release|Any CPU
	EndGlobalSection
	GlobalSection(SolutionProperties) = preSolution
		HideSolutionNode = FALSE
	EndGlobalSection
	GlobalSection(ExtensibilityGlobals) = postSolution
		SolutionGuid = {4C145324-88C3-4D38-9FA4-6A851D0F352C}
	EndGlobalSection
EndGlobal
